// !$*UTF8*$!
{
	archiveVersion = 1;
	classes = {
	};
	objectVersion = 50;
	objects = {

/* Begin PBXBuildFile section */
		9E41A1EA64FA331B90802F85 /* Pods_VKClient.framework in Frameworks */ = {isa = PBXBuildFile; fileRef = 1EE79D0D4F054E5C932BD890 /* Pods_VKClient.framework */; };
		C818365420F630F4000C0582 /* Newsfeed.storyboard in Resources */ = {isa = PBXBuildFile; fileRef = C818365320F630F4000C0582 /* Newsfeed.storyboard */; };
		C818365720F64C4B000C0582 /* UIView-CornerCoordinate.swift in Sources */ = {isa = PBXBuildFile; fileRef = C818365620F64C4B000C0582 /* UIView-CornerCoordinate.swift */; };
		C89059D120F4A5CC00100B1F /* AppDelegate.swift in Sources */ = {isa = PBXBuildFile; fileRef = C89059D020F4A5CC00100B1F /* AppDelegate.swift */; };
		C89059D620F4A5CC00100B1F /* Main.storyboard in Resources */ = {isa = PBXBuildFile; fileRef = C89059D420F4A5CC00100B1F /* Main.storyboard */; };
		C89059D820F4A5CD00100B1F /* Assets.xcassets in Resources */ = {isa = PBXBuildFile; fileRef = C89059D720F4A5CD00100B1F /* Assets.xcassets */; };
		C89059DB20F4A5CD00100B1F /* LaunchScreen.storyboard in Resources */ = {isa = PBXBuildFile; fileRef = C89059D920F4A5CD00100B1F /* LaunchScreen.storyboard */; };
		C89059E820F4A6D200100B1F /* Login.storyboard in Resources */ = {isa = PBXBuildFile; fileRef = C89059E720F4A6D200100B1F /* Login.storyboard */; };
		C89059EE20F4A7D200100B1F /* Friends.storyboard in Resources */ = {isa = PBXBuildFile; fileRef = C89059ED20F4A7D200100B1F /* Friends.storyboard */; };
		C89059F020F4A80D00100B1F /* Groups.storyboard in Resources */ = {isa = PBXBuildFile; fileRef = C89059EF20F4A80D00100B1F /* Groups.storyboard */; };
		C89059F820F4B43D00100B1F /* WhiteUIButton.swift in Sources */ = {isa = PBXBuildFile; fileRef = C89059F720F4B43D00100B1F /* WhiteUIButton.swift */; };
		C89059FA20F4B52500100B1F /* RootVC.swift in Sources */ = {isa = PBXBuildFile; fileRef = C89059F920F4B52500100B1F /* RootVC.swift */; };
		C89059FF20F4B57700100B1F /* UserData.swift in Sources */ = {isa = PBXBuildFile; fileRef = C89059FC20F4B57700100B1F /* UserData.swift */; };
		C8905A0020F4B57700100B1F /* OtherFunctions.swift in Sources */ = {isa = PBXBuildFile; fileRef = C89059FD20F4B57700100B1F /* OtherFunctions.swift */; };
		C8905A0120F4B57700100B1F /* Constants.swift in Sources */ = {isa = PBXBuildFile; fileRef = C89059FE20F4B57700100B1F /* Constants.swift */; };
		C8905A0320F4B74600100B1F /* WebVC.swift in Sources */ = {isa = PBXBuildFile; fileRef = C8905A0220F4B74600100B1F /* WebVC.swift */; };
		C8905A0B20F52DB100100B1F /* NewsVC.swift in Sources */ = {isa = PBXBuildFile; fileRef = C8905A0A20F52DB000100B1F /* NewsVC.swift */; };
		C8905A1520F539DB00100B1F /* NewsCell.swift in Sources */ = {isa = PBXBuildFile; fileRef = C8905A1420F539DB00100B1F /* NewsCell.swift */; };
		C8905A1720F5467E00100B1F /* VKNewsResponse.swift in Sources */ = {isa = PBXBuildFile; fileRef = C8905A1620F5467E00100B1F /* VKNewsResponse.swift */; };
		C8C26C8C20F77256007C385D /* NewsItem.swift in Sources */ = {isa = PBXBuildFile; fileRef = C8C26C8B20F77256007C385D /* NewsItem.swift */; };
		C8C26C9120F778DA007C385D /* GetDataOperation.swift in Sources */ = {isa = PBXBuildFile; fileRef = C8C26C8D20F778D9007C385D /* GetDataOperation.swift */; };
		C8C26C9220F778DA007C385D /* (-)UpdateTableView.swift in Sources */ = {isa = PBXBuildFile; fileRef = C8C26C8E20F778D9007C385D /* (-)UpdateTableView.swift */; };
		C8C26C9320F778DA007C385D /* AsyncOperation.swift in Sources */ = {isa = PBXBuildFile; fileRef = C8C26C8F20F778DA007C385D /* AsyncOperation.swift */; };
		C8C26C9420F778DA007C385D /* ParseDataOperation.swift in Sources */ = {isa = PBXBuildFile; fileRef = C8C26C9020F778DA007C385D /* ParseDataOperation.swift */; };
		C8C26C9820F77BF6007C385D /* VKService.swift in Sources */ = {isa = PBXBuildFile; fileRef = C8C26C9720F77BF6007C385D /* VKService.swift */; };
		C8C26C9A20F78AE2007C385D /* GetNewsItemOperation.swift in Sources */ = {isa = PBXBuildFile; fileRef = C8C26C9920F78AE2007C385D /* GetNewsItemOperation.swift */; };
		C8C26C9C20F78E65007C385D /* Alert.swift in Sources */ = {isa = PBXBuildFile; fileRef = C8C26C9B20F78E65007C385D /* Alert.swift */; };
		C8CA457920F890A50011CFE5 /* GetCacheImageOperation.swift in Sources */ = {isa = PBXBuildFile; fileRef = C8CA457820F890A50011CFE5 /* GetCacheImageOperation.swift */; };
		C8CA457B20F893970011CFE5 /* SetImageToRowOperation.swift in Sources */ = {isa = PBXBuildFile; fileRef = C8CA457A20F893970011CFE5 /* SetImageToRowOperation.swift */; };
/* End PBXBuildFile section */

/* Begin PBXFileReference section */
		1EE79D0D4F054E5C932BD890 /* Pods_VKClient.framework */ = {isa = PBXFileReference; explicitFileType = wrapper.framework; includeInIndex = 0; path = Pods_VKClient.framework; sourceTree = BUILT_PRODUCTS_DIR; };
		B0F07247B250EEB154199CA7 /* Pods-VKClient.debug.xcconfig */ = {isa = PBXFileReference; includeInIndex = 1; lastKnownFileType = text.xcconfig; name = "Pods-VKClient.debug.xcconfig"; path = "Pods/Target Support Files/Pods-VKClient/Pods-VKClient.debug.xcconfig"; sourceTree = "<group>"; };
		C818365320F630F4000C0582 /* Newsfeed.storyboard */ = {isa = PBXFileReference; fileEncoding = 4; lastKnownFileType = file.storyboard; path = Newsfeed.storyboard; sourceTree = "<group>"; };
		C818365620F64C4B000C0582 /* UIView-CornerCoordinate.swift */ = {isa = PBXFileReference; lastKnownFileType = sourcecode.swift; path = "UIView-CornerCoordinate.swift"; sourceTree = "<group>"; };
		C89059CD20F4A5CC00100B1F /* VKClient.app */ = {isa = PBXFileReference; explicitFileType = wrapper.application; includeInIndex = 0; path = VKClient.app; sourceTree = BUILT_PRODUCTS_DIR; };
		C89059D020F4A5CC00100B1F /* AppDelegate.swift */ = {isa = PBXFileReference; lastKnownFileType = sourcecode.swift; path = AppDelegate.swift; sourceTree = "<group>"; };
		C89059D520F4A5CC00100B1F /* Base */ = {isa = PBXFileReference; lastKnownFileType = file.storyboard; name = Base; path = Base.lproj/Main.storyboard; sourceTree = "<group>"; };
		C89059D720F4A5CD00100B1F /* Assets.xcassets */ = {isa = PBXFileReference; lastKnownFileType = folder.assetcatalog; path = Assets.xcassets; sourceTree = "<group>"; };
		C89059DA20F4A5CD00100B1F /* Base */ = {isa = PBXFileReference; lastKnownFileType = file.storyboard; name = Base; path = Base.lproj/LaunchScreen.storyboard; sourceTree = "<group>"; };
		C89059DC20F4A5CD00100B1F /* Info.plist */ = {isa = PBXFileReference; lastKnownFileType = text.plist.xml; path = Info.plist; sourceTree = "<group>"; };
		C89059E720F4A6D200100B1F /* Login.storyboard */ = {isa = PBXFileReference; lastKnownFileType = file.storyboard; path = Login.storyboard; sourceTree = "<group>"; };
		C89059ED20F4A7D200100B1F /* Friends.storyboard */ = {isa = PBXFileReference; lastKnownFileType = file.storyboard; path = Friends.storyboard; sourceTree = "<group>"; };
		C89059EF20F4A80D00100B1F /* Groups.storyboard */ = {isa = PBXFileReference; lastKnownFileType = file.storyboard; path = Groups.storyboard; sourceTree = "<group>"; };
		C89059F720F4B43D00100B1F /* WhiteUIButton.swift */ = {isa = PBXFileReference; lastKnownFileType = sourcecode.swift; path = WhiteUIButton.swift; sourceTree = "<group>"; };
		C89059F920F4B52500100B1F /* RootVC.swift */ = {isa = PBXFileReference; lastKnownFileType = sourcecode.swift; path = RootVC.swift; sourceTree = "<group>"; };
		C89059FC20F4B57700100B1F /* UserData.swift */ = {isa = PBXFileReference; fileEncoding = 4; lastKnownFileType = sourcecode.swift; path = UserData.swift; sourceTree = "<group>"; };
		C89059FD20F4B57700100B1F /* OtherFunctions.swift */ = {isa = PBXFileReference; fileEncoding = 4; lastKnownFileType = sourcecode.swift; path = OtherFunctions.swift; sourceTree = "<group>"; };
		C89059FE20F4B57700100B1F /* Constants.swift */ = {isa = PBXFileReference; fileEncoding = 4; lastKnownFileType = sourcecode.swift; path = Constants.swift; sourceTree = "<group>"; };
		C8905A0220F4B74600100B1F /* WebVC.swift */ = {isa = PBXFileReference; fileEncoding = 4; lastKnownFileType = sourcecode.swift; path = WebVC.swift; sourceTree = "<group>"; };
		C8905A0A20F52DB000100B1F /* NewsVC.swift */ = {isa = PBXFileReference; fileEncoding = 4; lastKnownFileType = sourcecode.swift; path = NewsVC.swift; sourceTree = "<group>"; };
		C8905A1420F539DB00100B1F /* NewsCell.swift */ = {isa = PBXFileReference; lastKnownFileType = sourcecode.swift; path = NewsCell.swift; sourceTree = "<group>"; };
		C8905A1620F5467E00100B1F /* VKNewsResponse.swift */ = {isa = PBXFileReference; fileEncoding = 4; lastKnownFileType = sourcecode.swift; path = VKNewsResponse.swift; sourceTree = "<group>"; };
		C8C26C8B20F77256007C385D /* NewsItem.swift */ = {isa = PBXFileReference; lastKnownFileType = sourcecode.swift; path = NewsItem.swift; sourceTree = "<group>"; };
		C8C26C8D20F778D9007C385D /* GetDataOperation.swift */ = {isa = PBXFileReference; fileEncoding = 4; lastKnownFileType = sourcecode.swift; path = GetDataOperation.swift; sourceTree = "<group>"; };
		C8C26C8E20F778D9007C385D /* (-)UpdateTableView.swift */ = {isa = PBXFileReference; fileEncoding = 4; lastKnownFileType = sourcecode.swift; path = "(-)UpdateTableView.swift"; sourceTree = "<group>"; };
		C8C26C8F20F778DA007C385D /* AsyncOperation.swift */ = {isa = PBXFileReference; fileEncoding = 4; lastKnownFileType = sourcecode.swift; path = AsyncOperation.swift; sourceTree = "<group>"; };
		C8C26C9020F778DA007C385D /* ParseDataOperation.swift */ = {isa = PBXFileReference; fileEncoding = 4; lastKnownFileType = sourcecode.swift; path = ParseDataOperation.swift; sourceTree = "<group>"; };
		C8C26C9720F77BF6007C385D /* VKService.swift */ = {isa = PBXFileReference; lastKnownFileType = sourcecode.swift; path = VKService.swift; sourceTree = "<group>"; };
		C8C26C9920F78AE2007C385D /* GetNewsItemOperation.swift */ = {isa = PBXFileReference; lastKnownFileType = sourcecode.swift; path = GetNewsItemOperation.swift; sourceTree = "<group>"; };
		C8C26C9B20F78E65007C385D /* Alert.swift */ = {isa = PBXFileReference; lastKnownFileType = sourcecode.swift; path = Alert.swift; sourceTree = "<group>"; };
		C8CA457820F890A50011CFE5 /* GetCacheImageOperation.swift */ = {isa = PBXFileReference; fileEncoding = 4; lastKnownFileType = sourcecode.swift; path = GetCacheImageOperation.swift; sourceTree = "<group>"; };
		C8CA457A20F893970011CFE5 /* SetImageToRowOperation.swift */ = {isa = PBXFileReference; lastKnownFileType = sourcecode.swift; path = SetImageToRowOperation.swift; sourceTree = "<group>"; };
		FC9B11FBABAC94C22A685033 /* Pods-VKClient.release.xcconfig */ = {isa = PBXFileReference; includeInIndex = 1; lastKnownFileType = text.xcconfig; name = "Pods-VKClient.release.xcconfig"; path = "Pods/Target Support Files/Pods-VKClient/Pods-VKClient.release.xcconfig"; sourceTree = "<group>"; };
/* End PBXFileReference section */

/* Begin PBXFrameworksBuildPhase section */
		C89059CA20F4A5CC00100B1F /* Frameworks */ = {
			isa = PBXFrameworksBuildPhase;
			buildActionMask = 2147483647;
			files = (
				9E41A1EA64FA331B90802F85 /* Pods_VKClient.framework in Frameworks */,
			);
			runOnlyForDeploymentPostprocessing = 0;
		};
/* End PBXFrameworksBuildPhase section */

/* Begin PBXGroup section */
		111E2B763D6DBB4CC702449F /* Pods */ = {
			isa = PBXGroup;
			children = (
				B0F07247B250EEB154199CA7 /* Pods-VKClient.debug.xcconfig */,
				FC9B11FBABAC94C22A685033 /* Pods-VKClient.release.xcconfig */,
			);
			name = Pods;
			sourceTree = "<group>";
		};
		38EA2F3321DD11EB099D2606 /* Frameworks */ = {
			isa = PBXGroup;
			children = (
				1EE79D0D4F054E5C932BD890 /* Pods_VKClient.framework */,
			);
			name = Frameworks;
			sourceTree = "<group>";
		};
		C818365520F64C28000C0582 /* Extensions */ = {
			isa = PBXGroup;
			children = (
				C818365620F64C4B000C0582 /* UIView-CornerCoordinate.swift */,
			);
			path = Extensions;
			sourceTree = "<group>";
		};
		C89059C420F4A5CC00100B1F = {
			isa = PBXGroup;
			children = (
				C89059CF20F4A5CC00100B1F /* VKClient */,
				C89059CE20F4A5CC00100B1F /* Products */,
				111E2B763D6DBB4CC702449F /* Pods */,
				38EA2F3321DD11EB099D2606 /* Frameworks */,
			);
			sourceTree = "<group>";
		};
		C89059CE20F4A5CC00100B1F /* Products */ = {
			isa = PBXGroup;
			children = (
				C89059CD20F4A5CC00100B1F /* VKClient.app */,
			);
			name = Products;
			sourceTree = "<group>";
		};
		C89059CF20F4A5CC00100B1F /* VKClient */ = {
			isa = PBXGroup;
			children = (
				C89059E220F4A63400100B1F /* Application */,
				C8C26C9520F778E4007C385D /* Operations */,
				C89059F120F4B38500100B1F /* Login */,
				C8905A0420F52C2C00100B1F /* Newsfeed */,
				C8905A0C20F52FE600100B1F /* Friends */,
				C8905A0D20F52FF500100B1F /* Groups */,
				C818365520F64C28000C0582 /* Extensions */,
				C89059FB20F4B56500100B1F /* Other */,
				C89059E620F4A68400100B1F /* Supporting Files */,
			);
			path = VKClient;
			sourceTree = "<group>";
		};
		C89059E220F4A63400100B1F /* Application */ = {
			isa = PBXGroup;
			children = (
				C89059E520F4A65000100B1F /* Model */,
				C89059E420F4A64B00100B1F /* View */,
				C89059E320F4A64400100B1F /* Controller */,
				C8C26C9620F77BC8007C385D /* Services */,
			);
			path = Application;
			sourceTree = "<group>";
		};
		C89059E320F4A64400100B1F /* Controller */ = {
			isa = PBXGroup;
			children = (
				C89059D020F4A5CC00100B1F /* AppDelegate.swift */,
				C89059F920F4B52500100B1F /* RootVC.swift */,
			);
			path = Controller;
			sourceTree = "<group>";
		};
		C89059E420F4A64B00100B1F /* View */ = {
			isa = PBXGroup;
			children = (
				C89059D920F4A5CD00100B1F /* LaunchScreen.storyboard */,
				C89059D420F4A5CC00100B1F /* Main.storyboard */,
			);
			path = View;
			sourceTree = "<group>";
		};
		C89059E520F4A65000100B1F /* Model */ = {
			isa = PBXGroup;
			children = (
			);
			path = Model;
			sourceTree = "<group>";
		};
		C89059E620F4A68400100B1F /* Supporting Files */ = {
			isa = PBXGroup;
			children = (
				C89059DC20F4A5CD00100B1F /* Info.plist */,
				C89059D720F4A5CD00100B1F /* Assets.xcassets */,
			);
			path = "Supporting Files";
			sourceTree = "<group>";
		};
		C89059F120F4B38500100B1F /* Login */ = {
			isa = PBXGroup;
			children = (
				C89059F420F4B3A700100B1F /* Model */,
				C89059F320F4B3A300100B1F /* View */,
				C89059F220F4B39C00100B1F /* Controller */,
			);
			path = Login;
			sourceTree = "<group>";
		};
		C89059F220F4B39C00100B1F /* Controller */ = {
			isa = PBXGroup;
			children = (
				C8905A0220F4B74600100B1F /* WebVC.swift */,
			);
			path = Controller;
			sourceTree = "<group>";
		};
		C89059F320F4B3A300100B1F /* View */ = {
			isa = PBXGroup;
			children = (
				C89059E720F4A6D200100B1F /* Login.storyboard */,
				C89059F720F4B43D00100B1F /* WhiteUIButton.swift */,
			);
			path = View;
			sourceTree = "<group>";
		};
		C89059F420F4B3A700100B1F /* Model */ = {
			isa = PBXGroup;
			children = (
			);
			path = Model;
			sourceTree = "<group>";
		};
		C89059FB20F4B56500100B1F /* Other */ = {
			isa = PBXGroup;
			children = (
				C89059FE20F4B57700100B1F /* Constants.swift */,
				C89059FD20F4B57700100B1F /* OtherFunctions.swift */,
				C89059FC20F4B57700100B1F /* UserData.swift */,
				C8C26C9B20F78E65007C385D /* Alert.swift */,
			);
			path = Other;
			sourceTree = "<group>";
		};
		C8905A0420F52C2C00100B1F /* Newsfeed */ = {
			isa = PBXGroup;
			children = (
				C8905A0720F52D4300100B1F /* Model */,
				C8905A0620F52D3200100B1F /* View */,
				C8905A0520F52D1D00100B1F /* Controller */,
			);
			path = Newsfeed;
			sourceTree = "<group>";
		};
		C8905A0520F52D1D00100B1F /* Controller */ = {
			isa = PBXGroup;
			children = (
				C8905A0A20F52DB000100B1F /* NewsVC.swift */,
			);
			path = Controller;
			sourceTree = "<group>";
		};
		C8905A0620F52D3200100B1F /* View */ = {
			isa = PBXGroup;
			children = (
				C818365320F630F4000C0582 /* Newsfeed.storyboard */,
				C8905A1420F539DB00100B1F /* NewsCell.swift */,
			);
			path = View;
			sourceTree = "<group>";
		};
		C8905A0720F52D4300100B1F /* Model */ = {
			isa = PBXGroup;
			children = (
				C8905A1620F5467E00100B1F /* VKNewsResponse.swift */,
				C8C26C8B20F77256007C385D /* NewsItem.swift */,
			);
			path = Model;
			sourceTree = "<group>";
		};
		C8905A0C20F52FE600100B1F /* Friends */ = {
			isa = PBXGroup;
			children = (
				C8905A1320F5302700100B1F /* Model */,
				C8905A1220F5302200100B1F /* View */,
				C8905A1120F5301B00100B1F /* Controller */,
			);
			path = Friends;
			sourceTree = "<group>";
		};
		C8905A0D20F52FF500100B1F /* Groups */ = {
			isa = PBXGroup;
			children = (
				C8905A1020F5301400100B1F /* Model */,
				C8905A0F20F5300D00100B1F /* View */,
				C8905A0E20F5300600100B1F /* Controller */,
			);
			path = Groups;
			sourceTree = "<group>";
		};
		C8905A0E20F5300600100B1F /* Controller */ = {
			isa = PBXGroup;
			children = (
			);
			path = Controller;
			sourceTree = "<group>";
		};
		C8905A0F20F5300D00100B1F /* View */ = {
			isa = PBXGroup;
			children = (
				C89059EF20F4A80D00100B1F /* Groups.storyboard */,
			);
			path = View;
			sourceTree = "<group>";
		};
		C8905A1020F5301400100B1F /* Model */ = {
			isa = PBXGroup;
			children = (
			);
			path = Model;
			sourceTree = "<group>";
		};
		C8905A1120F5301B00100B1F /* Controller */ = {
			isa = PBXGroup;
			children = (
			);
			path = Controller;
			sourceTree = "<group>";
		};
		C8905A1220F5302200100B1F /* View */ = {
			isa = PBXGroup;
			children = (
				C89059ED20F4A7D200100B1F /* Friends.storyboard */,
			);
			path = View;
			sourceTree = "<group>";
		};
		C8905A1320F5302700100B1F /* Model */ = {
			isa = PBXGroup;
			children = (
			);
			path = Model;
			sourceTree = "<group>";
		};
		C8C26C9520F778E4007C385D /* Operations */ = {
			isa = PBXGroup;
			children = (
				C8C26C8F20F778DA007C385D /* AsyncOperation.swift */,
				C8C26C8D20F778D9007C385D /* GetDataOperation.swift */,
				C8C26C9020F778DA007C385D /* ParseDataOperation.swift */,
				C8C26C9920F78AE2007C385D /* GetNewsItemOperation.swift */,
				C8CA457820F890A50011CFE5 /* GetCacheImageOperation.swift */,
				C8CA457A20F893970011CFE5 /* SetImageToRowOperation.swift */,
				C8C26C8E20F778D9007C385D /* (-)UpdateTableView.swift */,
			);
			path = Operations;
			sourceTree = "<group>";
		};
		C8C26C9620F77BC8007C385D /* Services */ = {
			isa = PBXGroup;
			children = (
				C8C26C9720F77BF6007C385D /* VKService.swift */,
			);
			path = Services;
			sourceTree = "<group>";
		};
/* End PBXGroup section */

/* Begin PBXNativeTarget section */
		C89059CC20F4A5CC00100B1F /* VKClient */ = {
			isa = PBXNativeTarget;
			buildConfigurationList = C89059DF20F4A5CD00100B1F /* Build configuration list for PBXNativeTarget "VKClient" */;
			buildPhases = (
				0BA2F9DFF4537E388C8F96FA /* [CP] Check Pods Manifest.lock */,
				C89059C920F4A5CC00100B1F /* Sources */,
				C89059CA20F4A5CC00100B1F /* Frameworks */,
				C89059CB20F4A5CC00100B1F /* Resources */,
				D2816D61207660E2CA5D6997 /* [CP] Embed Pods Frameworks */,
				D184F2E63A91C0A14C17B186 /* [CP] Copy Pods Resources */,
			);
			buildRules = (
			);
			dependencies = (
			);
			name = VKClient;
			productName = VKClient;
			productReference = C89059CD20F4A5CC00100B1F /* VKClient.app */;
			productType = "com.apple.product-type.application";
		};
/* End PBXNativeTarget section */

/* Begin PBXProject section */
		C89059C520F4A5CC00100B1F /* Project object */ = {
			isa = PBXProject;
			attributes = {
				LastSwiftUpdateCheck = 0940;
				LastUpgradeCheck = 0940;
				ORGANIZATIONNAME = "Роман Мисников";
				TargetAttributes = {
					C89059CC20F4A5CC00100B1F = {
						CreatedOnToolsVersion = 9.4;
					};
				};
			};
			buildConfigurationList = C89059C820F4A5CC00100B1F /* Build configuration list for PBXProject "VKClient" */;
			compatibilityVersion = "Xcode 9.3";
			developmentRegion = en;
			hasScannedForEncodings = 0;
			knownRegions = (
				en,
				Base,
			);
			mainGroup = C89059C420F4A5CC00100B1F;
			productRefGroup = C89059CE20F4A5CC00100B1F /* Products */;
			projectDirPath = "";
			projectRoot = "";
			targets = (
				C89059CC20F4A5CC00100B1F /* VKClient */,
			);
		};
/* End PBXProject section */

/* Begin PBXResourcesBuildPhase section */
		C89059CB20F4A5CC00100B1F /* Resources */ = {
			isa = PBXResourcesBuildPhase;
			buildActionMask = 2147483647;
			files = (
				C89059EE20F4A7D200100B1F /* Friends.storyboard in Resources */,
				C89059E820F4A6D200100B1F /* Login.storyboard in Resources */,
				C818365420F630F4000C0582 /* Newsfeed.storyboard in Resources */,
				C89059DB20F4A5CD00100B1F /* LaunchScreen.storyboard in Resources */,
				C89059D820F4A5CD00100B1F /* Assets.xcassets in Resources */,
				C89059D620F4A5CC00100B1F /* Main.storyboard in Resources */,
				C89059F020F4A80D00100B1F /* Groups.storyboard in Resources */,
			);
			runOnlyForDeploymentPostprocessing = 0;
		};
/* End PBXResourcesBuildPhase section */

/* Begin PBXShellScriptBuildPhase section */
		0BA2F9DFF4537E388C8F96FA /* [CP] Check Pods Manifest.lock */ = {
			isa = PBXShellScriptBuildPhase;
			buildActionMask = 2147483647;
			files = (
			);
			inputPaths = (
				"${PODS_PODFILE_DIR_PATH}/Podfile.lock",
				"${PODS_ROOT}/Manifest.lock",
			);
			name = "[CP] Check Pods Manifest.lock";
			outputPaths = (
				"$(DERIVED_FILE_DIR)/Pods-VKClient-checkManifestLockResult.txt",
			);
			runOnlyForDeploymentPostprocessing = 0;
			shellPath = /bin/sh;
			shellScript = "diff \"${PODS_PODFILE_DIR_PATH}/Podfile.lock\" \"${PODS_ROOT}/Manifest.lock\" > /dev/null\nif [ $? != 0 ] ; then\n    # print error to STDERR\n    echo \"error: The sandbox is not in sync with the Podfile.lock. Run 'pod install' or update your CocoaPods installation.\" >&2\n    exit 1\nfi\n# This output is used by Xcode 'outputs' to avoid re-running this script phase.\necho \"SUCCESS\" > \"${SCRIPT_OUTPUT_FILE_0}\"\n";
			showEnvVarsInLog = 0;
		};
		D184F2E63A91C0A14C17B186 /* [CP] Copy Pods Resources */ = {
			isa = PBXShellScriptBuildPhase;
			buildActionMask = 2147483647;
			files = (
			);
			inputPaths = (
			);
			name = "[CP] Copy Pods Resources";
			outputPaths = (
			);
			runOnlyForDeploymentPostprocessing = 0;
			shellPath = /bin/sh;
			shellScript = "\"${SRCROOT}/Pods/Target Support Files/Pods-VKClient/Pods-VKClient-resources.sh\"\n";
			showEnvVarsInLog = 0;
		};
		D2816D61207660E2CA5D6997 /* [CP] Embed Pods Frameworks */ = {
			isa = PBXShellScriptBuildPhase;
			buildActionMask = 2147483647;
			files = (
			);
			inputPaths = (
				"${SRCROOT}/Pods/Target Support Files/Pods-VKClient/Pods-VKClient-frameworks.sh",
				"${BUILT_PRODUCTS_DIR}/Alamofire/Alamofire.framework",
				"${BUILT_PRODUCTS_DIR}/Kingfisher/Kingfisher.framework",
			);
			name = "[CP] Embed Pods Frameworks";
			outputPaths = (
				"${TARGET_BUILD_DIR}/${FRAMEWORKS_FOLDER_PATH}/Alamofire.framework",
				"${TARGET_BUILD_DIR}/${FRAMEWORKS_FOLDER_PATH}/Kingfisher.framework",
			);
			runOnlyForDeploymentPostprocessing = 0;
			shellPath = /bin/sh;
			shellScript = "\"${SRCROOT}/Pods/Target Support Files/Pods-VKClient/Pods-VKClient-frameworks.sh\"\n";
			showEnvVarsInLog = 0;
		};
/* End PBXShellScriptBuildPhase section */

/* Begin PBXSourcesBuildPhase section */
		C89059C920F4A5CC00100B1F /* Sources */ = {
			isa = PBXSourcesBuildPhase;
			buildActionMask = 2147483647;
			files = (
				C8C26C9220F778DA007C385D /* (-)UpdateTableView.swift in Sources */,
				C89059FA20F4B52500100B1F /* RootVC.swift in Sources */,
				C8C26C8C20F77256007C385D /* NewsItem.swift in Sources */,
				C8905A0320F4B74600100B1F /* WebVC.swift in Sources */,
				C8C26C9A20F78AE2007C385D /* GetNewsItemOperation.swift in Sources */,
				C8C26C9C20F78E65007C385D /* Alert.swift in Sources */,
				C89059D120F4A5CC00100B1F /* AppDelegate.swift in Sources */,
				C8C26C9120F778DA007C385D /* GetDataOperation.swift in Sources */,
				C8905A0020F4B57700100B1F /* OtherFunctions.swift in Sources */,
				C8CA457920F890A50011CFE5 /* GetCacheImageOperation.swift in Sources */,
				C8905A1520F539DB00100B1F /* NewsCell.swift in Sources */,
				C8905A1720F5467E00100B1F /* VKNewsResponse.swift in Sources */,
				C8C26C9420F778DA007C385D /* ParseDataOperation.swift in Sources */,
				C89059FF20F4B57700100B1F /* UserData.swift in Sources */,
				C89059F820F4B43D00100B1F /* WhiteUIButton.swift in Sources */,
				C8905A0120F4B57700100B1F /* Constants.swift in Sources */,
				C8CA457B20F893970011CFE5 /* SetImageToRowOperation.swift in Sources */,
				C8C26C9820F77BF6007C385D /* VKService.swift in Sources */,
				C8905A0B20F52DB100100B1F /* NewsVC.swift in Sources */,
				C8C26C9320F778DA007C385D /* AsyncOperation.swift in Sources */,
				C818365720F64C4B000C0582 /* UIView-CornerCoordinate.swift in Sources */,
			);
			runOnlyForDeploymentPostprocessing = 0;
		};
/* End PBXSourcesBuildPhase section */

/* Begin PBXVariantGroup section */
		C89059D420F4A5CC00100B1F /* Main.storyboard */ = {
			isa = PBXVariantGroup;
			children = (
				C89059D520F4A5CC00100B1F /* Base */,
			);
			name = Main.storyboard;
			sourceTree = "<group>";
		};
		C89059D920F4A5CD00100B1F /* LaunchScreen.storyboard */ = {
			isa = PBXVariantGroup;
			children = (
				C89059DA20F4A5CD00100B1F /* Base */,
			);
			name = LaunchScreen.storyboard;
			sourceTree = "<group>";
		};
/* End PBXVariantGroup section */

/* Begin XCBuildConfiguration section */
		C89059DD20F4A5CD00100B1F /* Debug */ = {
			isa = XCBuildConfiguration;
			buildSettings = {
				ALWAYS_SEARCH_USER_PATHS = NO;
				CLANG_ANALYZER_NONNULL = YES;
				CLANG_ANALYZER_NUMBER_OBJECT_CONVERSION = YES_AGGRESSIVE;
				CLANG_CXX_LANGUAGE_STANDARD = "gnu++14";
				CLANG_CXX_LIBRARY = "libc++";
				CLANG_ENABLE_MODULES = YES;
				CLANG_ENABLE_OBJC_ARC = YES;
				CLANG_ENABLE_OBJC_WEAK = YES;
				CLANG_WARN_BLOCK_CAPTURE_AUTORELEASING = YES;
				CLANG_WARN_BOOL_CONVERSION = YES;
				CLANG_WARN_COMMA = YES;
				CLANG_WARN_CONSTANT_CONVERSION = YES;
				CLANG_WARN_DEPRECATED_OBJC_IMPLEMENTATIONS = YES;
				CLANG_WARN_DIRECT_OBJC_ISA_USAGE = YES_ERROR;
				CLANG_WARN_DOCUMENTATION_COMMENTS = YES;
				CLANG_WARN_EMPTY_BODY = YES;
				CLANG_WARN_ENUM_CONVERSION = YES;
				CLANG_WARN_INFINITE_RECURSION = YES;
				CLANG_WARN_INT_CONVERSION = YES;
				CLANG_WARN_NON_LITERAL_NULL_CONVERSION = YES;
				CLANG_WARN_OBJC_IMPLICIT_RETAIN_SELF = YES;
				CLANG_WARN_OBJC_LITERAL_CONVERSION = YES;
				CLANG_WARN_OBJC_ROOT_CLASS = YES_ERROR;
				CLANG_WARN_RANGE_LOOP_ANALYSIS = YES;
				CLANG_WARN_STRICT_PROTOTYPES = YES;
				CLANG_WARN_SUSPICIOUS_MOVE = YES;
				CLANG_WARN_UNGUARDED_AVAILABILITY = YES_AGGRESSIVE;
				CLANG_WARN_UNREACHABLE_CODE = YES;
				CLANG_WARN__DUPLICATE_METHOD_MATCH = YES;
				CODE_SIGN_IDENTITY = "iPhone Developer";
				COPY_PHASE_STRIP = NO;
				DEBUG_INFORMATION_FORMAT = dwarf;
				ENABLE_STRICT_OBJC_MSGSEND = YES;
				ENABLE_TESTABILITY = YES;
				GCC_C_LANGUAGE_STANDARD = gnu11;
				GCC_DYNAMIC_NO_PIC = NO;
				GCC_NO_COMMON_BLOCKS = YES;
				GCC_OPTIMIZATION_LEVEL = 0;
				GCC_PREPROCESSOR_DEFINITIONS = (
					"DEBUG=1",
					"$(inherited)",
				);
				GCC_WARN_64_TO_32_BIT_CONVERSION = YES;
				GCC_WARN_ABOUT_RETURN_TYPE = YES_ERROR;
				GCC_WARN_UNDECLARED_SELECTOR = YES;
				GCC_WARN_UNINITIALIZED_AUTOS = YES_AGGRESSIVE;
				GCC_WARN_UNUSED_FUNCTION = YES;
				GCC_WARN_UNUSED_VARIABLE = YES;
				IPHONEOS_DEPLOYMENT_TARGET = 11.4;
				MTL_ENABLE_DEBUG_INFO = YES;
				ONLY_ACTIVE_ARCH = YES;
				SDKROOT = iphoneos;
				SWIFT_ACTIVE_COMPILATION_CONDITIONS = DEBUG;
				SWIFT_OPTIMIZATION_LEVEL = "-Onone";
			};
			name = Debug;
		};
		C89059DE20F4A5CD00100B1F /* Release */ = {
			isa = XCBuildConfiguration;
			buildSettings = {
				ALWAYS_SEARCH_USER_PATHS = NO;
				CLANG_ANALYZER_NONNULL = YES;
				CLANG_ANALYZER_NUMBER_OBJECT_CONVERSION = YES_AGGRESSIVE;
				CLANG_CXX_LANGUAGE_STANDARD = "gnu++14";
				CLANG_CXX_LIBRARY = "libc++";
				CLANG_ENABLE_MODULES = YES;
				CLANG_ENABLE_OBJC_ARC = YES;
				CLANG_ENABLE_OBJC_WEAK = YES;
				CLANG_WARN_BLOCK_CAPTURE_AUTORELEASING = YES;
				CLANG_WARN_BOOL_CONVERSION = YES;
				CLANG_WARN_COMMA = YES;
				CLANG_WARN_CONSTANT_CONVERSION = YES;
				CLANG_WARN_DEPRECATED_OBJC_IMPLEMENTATIONS = YES;
				CLANG_WARN_DIRECT_OBJC_ISA_USAGE = YES_ERROR;
				CLANG_WARN_DOCUMENTATION_COMMENTS = YES;
				CLANG_WARN_EMPTY_BODY = YES;
				CLANG_WARN_ENUM_CONVERSION = YES;
				CLANG_WARN_INFINITE_RECURSION = YES;
				CLANG_WARN_INT_CONVERSION = YES;
				CLANG_WARN_NON_LITERAL_NULL_CONVERSION = YES;
				CLANG_WARN_OBJC_IMPLICIT_RETAIN_SELF = YES;
				CLANG_WARN_OBJC_LITERAL_CONVERSION = YES;
				CLANG_WARN_OBJC_ROOT_CLASS = YES_ERROR;
				CLANG_WARN_RANGE_LOOP_ANALYSIS = YES;
				CLANG_WARN_STRICT_PROTOTYPES = YES;
				CLANG_WARN_SUSPICIOUS_MOVE = YES;
				CLANG_WARN_UNGUARDED_AVAILABILITY = YES_AGGRESSIVE;
				CLANG_WARN_UNREACHABLE_CODE = YES;
				CLANG_WARN__DUPLICATE_METHOD_MATCH = YES;
				CODE_SIGN_IDENTITY = "iPhone Developer";
				COPY_PHASE_STRIP = NO;
				DEBUG_INFORMATION_FORMAT = "dwarf-with-dsym";
				ENABLE_NS_ASSERTIONS = NO;
				ENABLE_STRICT_OBJC_MSGSEND = YES;
				GCC_C_LANGUAGE_STANDARD = gnu11;
				GCC_NO_COMMON_BLOCKS = YES;
				GCC_WARN_64_TO_32_BIT_CONVERSION = YES;
				GCC_WARN_ABOUT_RETURN_TYPE = YES_ERROR;
				GCC_WARN_UNDECLARED_SELECTOR = YES;
				GCC_WARN_UNINITIALIZED_AUTOS = YES_AGGRESSIVE;
				GCC_WARN_UNUSED_FUNCTION = YES;
				GCC_WARN_UNUSED_VARIABLE = YES;
				IPHONEOS_DEPLOYMENT_TARGET = 11.4;
				MTL_ENABLE_DEBUG_INFO = NO;
				SDKROOT = iphoneos;
				SWIFT_COMPILATION_MODE = wholemodule;
				SWIFT_OPTIMIZATION_LEVEL = "-O";
				VALIDATE_PRODUCT = YES;
			};
			name = Release;
		};
		C89059E020F4A5CD00100B1F /* Debug */ = {
			isa = XCBuildConfiguration;
			baseConfigurationReference = B0F07247B250EEB154199CA7 /* Pods-VKClient.debug.xcconfig */;
			buildSettings = {
				ASSETCATALOG_COMPILER_APPICON_NAME = AppIcon;
				CODE_SIGN_STYLE = Automatic;
				DEVELOPMENT_TEAM = JJHX98NUDV;
				INFOPLIST_FILE = "$(SRCROOT)/VKClient/Supporting Files/Info.plist";
				LD_RUNPATH_SEARCH_PATHS = (
					"$(inherited)",
					"@executable_path/Frameworks",
				);
				PRODUCT_BUNDLE_IDENTIFIER = RFMisnikov.VKClient;
				PRODUCT_NAME = "$(TARGET_NAME)";
				SWIFT_VERSION = 4.0;
				TARGETED_DEVICE_FAMILY = "1,2";
			};
			name = Debug;
		};
		C89059E120F4A5CD00100B1F /* Release */ = {
			isa = XCBuildConfiguration;
			baseConfigurationReference = FC9B11FBABAC94C22A685033 /* Pods-VKClient.release.xcconfig */;
			buildSettings = {
				ASSETCATALOG_COMPILER_APPICON_NAME = AppIcon;
				CODE_SIGN_STYLE = Automatic;
				DEVELOPMENT_TEAM = JJHX98NUDV;
				INFOPLIST_FILE = "$(SRCROOT)/VKClient/Supporting Files/Info.plist";
				LD_RUNPATH_SEARCH_PATHS = (
					"$(inherited)",
					"@executable_path/Frameworks",
				);
				PRODUCT_BUNDLE_IDENTIFIER = RFMisnikov.VKClient;
				PRODUCT_NAME = "$(TARGET_NAME)";
				SWIFT_VERSION = 4.0;
				TARGETED_DEVICE_FAMILY = "1,2";
			};
			name = Release;
		};
/* End XCBuildConfiguration section */

/* Begin XCConfigurationList section */
		C89059C820F4A5CC00100B1F /* Build configuration list for PBXProject "VKClient" */ = {
			isa = XCConfigurationList;
			buildConfigurations = (
				C89059DD20F4A5CD00100B1F /* Debug */,
				C89059DE20F4A5CD00100B1F /* Release */,
			);
			defaultConfigurationIsVisible = 0;
			defaultConfigurationName = Release;
		};
		C89059DF20F4A5CD00100B1F /* Build configuration list for PBXNativeTarget "VKClient" */ = {
			isa = XCConfigurationList;
			buildConfigurations = (
				C89059E020F4A5CD00100B1F /* Debug */,
				C89059E120F4A5CD00100B1F /* Release */,
			);
			defaultConfigurationIsVisible = 0;
			defaultConfigurationName = Release;
		};
/* End XCConfigurationList section */
	};
	rootObject = C89059C520F4A5CC00100B1F /* Project object */;
}
